
Microsoft Visual Studio Solution File, Format Version 12.00
# Visual Studio 14
VisualStudioVersion = 14.0.25420.1
MinimumVisualStudioVersion = 10.0.40219.1
Project("{fae04ec0-301f-11d3-bf4b-00c04f79efbc}") = "ps12exeOnline", "ps12exeOnline.csproj", "{24BFCFFF-D129-4922-87DA-93D9DD2C8BB2}"
EndProject
Global
	GlobalSection(SolutionConfigurationPlatforms) = preSolution
		Debug|Any CPU = Debug|Any CPU
		Release|Any CPU = Release|Any CPU
	EndGlobalSection
	GlobalSection(ProjectConfigurationPlatforms) = postSolution
		{24BFCFFF-D129-4922-87DA-93D9DD2C8BB2}.Debug|Any CPU.ActiveCfg = Debug|Any CPU
		{24BFCFFF-D129-4922-87DA-93D9DD2C8BB2}.Debug|Any CPU.Build.0 = Debug|Any CPU
		{24BFCFFF-D129-4922-87DA-93D9DD2C8BB2}.Release|Any CPU.ActiveCfg = Release|Any CPU
		{24BFCFFF-D129-4922-87DA-93D9DD2C8BB2}.Release|Any CPU.Build.0 = Release|Any CPU
	EndGlobalSection
	GlobalSection(SolutionProperties) = preSolution
		HideSolutionNode = FALSE
	EndGlobalSection
EndGlobal
